
Microsoft Visual Studio Solution File, Format Version 12.00
# Visual Studio Version 17
VisualStudioVersion = 17.9.34701.34
MinimumVisualStudioVersion = 10.0.40219.1
Project("{FAE04EC0-301F-11D3-BF4B-00C04F79EFBC}") = "EmployeeData", "EmployeeData\EmployeeData.csproj", "{14BF5233-282B-4ED5-8C74-51E73E25A396}"
EndProject
Project("{FAE04EC0-301F-11D3-BF4B-00C04F79EFBC}") = "Employee.Business", "Employee.Business\Employee.Business.csproj", "{D60DCE32-9019-4D63-A0F8-7D52C33A4394}"
EndProject
Project("{FAE04EC0-301F-11D3-BF4B-00C04F79EFBC}") = "Employee.Model", "Employee.Model\Employee.Model.csproj", "{32B5BE3D-C3C4-4830-B7D8-AA7D3E000127}"
EndProject
Global
	GlobalSection(SolutionConfigurationPlatforms) = preSolution
		Debug|Any CPU = Debug|Any CPU
		Release|Any CPU = Release|Any CPU
	EndGlobalSection
	GlobalSection(ProjectConfigurationPlatforms) = postSolution
		{14BF5233-282B-4ED5-8C74-51E73E25A396}.Debug|Any CPU.ActiveCfg = Debug|Any CPU
		{14BF5233-282B-4ED5-8C74-51E73E25A396}.Debug|Any CPU.Build.0 = Debug|Any CPU
		{14BF5233-282B-4ED5-8C74-51E73E25A396}.Release|Any CPU.ActiveCfg = Release|Any CPU
		{14BF5233-282B-4ED5-8C74-51E73E25A396}.Release|Any CPU.Build.0 = Release|Any CPU
		{D60DCE32-9019-4D63-A0F8-7D52C33A4394}.Debug|Any CPU.ActiveCfg = Debug|Any CPU
		{D60DCE32-9019-4D63-A0F8-7D52C33A4394}.Debug|Any CPU.Build.0 = Debug|Any CPU
		{D60DCE32-9019-4D63-A0F8-7D52C33A4394}.Release|Any CPU.ActiveCfg = Release|Any CPU
		{D60DCE32-9019-4D63-A0F8-7D52C33A4394}.Release|Any CPU.Build.0 = Release|Any CPU
		{32B5BE3D-C3C4-4830-B7D8-AA7D3E000127}.Debug|Any CPU.ActiveCfg = Debug|Any CPU
		{32B5BE3D-C3C4-4830-B7D8-AA7D3E000127}.Debug|Any CPU.Build.0 = Debug|Any CPU
		{32B5BE3D-C3C4-4830-B7D8-AA7D3E000127}.Release|Any CPU.ActiveCfg = Release|Any CPU
		{32B5BE3D-C3C4-4830-B7D8-AA7D3E000127}.Release|Any CPU.Build.0 = Release|Any CPU
	EndGlobalSection
	GlobalSection(SolutionProperties) = preSolution
		HideSolutionNode = FALSE
	EndGlobalSection
	GlobalSection(ExtensibilityGlobals) = postSolution
		SolutionGuid = {02C4A6E5-DC3B-4A6A-804D-2D2443A9A5DA}
	EndGlobalSection
EndGlobal
